
Microsoft Visual Studio Solution File, Format Version 12.00
# Visual Studio Version 16
VisualStudioVersion = 16.0.30330.147
MinimumVisualStudioVersion = 10.0.40219.1
Project("{FAE04EC0-301F-11D3-BF4B-00C04F79EFBC}") = "LotteryDrawJackpotInfo", "LotteryDrawJackpotInfo\LotteryDrawJackpotInfo.csproj", "{C57C2B5C-ACC1-448B-B3B0-FED2C4ACCAA5}"
EndProject
Project("{FAE04EC0-301F-11D3-BF4B-00C04F79EFBC}") = "LotteryDrawJackpotInfo.Tests", "LotteryDrawJackpotInfo.Tests\LotteryDrawJackpotInfo.Tests.csproj", "{B636CE2B-0C73-4FA1-876A-4A0B82E714E6}"
EndProject
Global
	GlobalSection(SolutionConfigurationPlatforms) = preSolution
		Debug|Any CPU = Debug|Any CPU
		Release|Any CPU = Release|Any CPU
	EndGlobalSection
	GlobalSection(ProjectConfigurationPlatforms) = postSolution
		{C57C2B5C-ACC1-448B-B3B0-FED2C4ACCAA5}.Debug|Any CPU.ActiveCfg = Debug|Any CPU
		{C57C2B5C-ACC1-448B-B3B0-FED2C4ACCAA5}.Debug|Any CPU.Build.0 = Debug|Any CPU
		{C57C2B5C-ACC1-448B-B3B0-FED2C4ACCAA5}.Release|Any CPU.ActiveCfg = Release|Any CPU
		{C57C2B5C-ACC1-448B-B3B0-FED2C4ACCAA5}.Release|Any CPU.Build.0 = Release|Any CPU
		{B636CE2B-0C73-4FA1-876A-4A0B82E714E6}.Debug|Any CPU.ActiveCfg = Debug|Any CPU
		{B636CE2B-0C73-4FA1-876A-4A0B82E714E6}.Debug|Any CPU.Build.0 = Debug|Any CPU
		{B636CE2B-0C73-4FA1-876A-4A0B82E714E6}.Release|Any CPU.ActiveCfg = Release|Any CPU
		{B636CE2B-0C73-4FA1-876A-4A0B82E714E6}.Release|Any CPU.Build.0 = Release|Any CPU
	EndGlobalSection
	GlobalSection(SolutionProperties) = preSolution
		HideSolutionNode = FALSE
	EndGlobalSection
	GlobalSection(ExtensibilityGlobals) = postSolution
		SolutionGuid = {B394D0A2-7326-45FF-920C-709FC3552CDC}
	EndGlobalSection
EndGlobal
